
Microsoft Visual Studio Solution File, Format Version 12.00
# Visual Studio Version 16
VisualStudioVersion = 16.0.32510.428
MinimumVisualStudioVersion = 10.0.40219.1
Project("{FAE04EC0-301F-11D3-BF4B-00C04F79EFBC}") = "RemisYA", "RemisYA\RemisYA.csproj", "{48198C28-38A1-4BF2-AA1A-6690A373CE03}"
EndProject
Global
	GlobalSection(SolutionConfigurationPlatforms) = preSolution
		Debug|Any CPU = Debug|Any CPU
		Release|Any CPU = Release|Any CPU
	EndGlobalSection
	GlobalSection(ProjectConfigurationPlatforms) = postSolution
		{48198C28-38A1-4BF2-AA1A-6690A373CE03}.Debug|Any CPU.ActiveCfg = Debug|Any CPU
		{48198C28-38A1-4BF2-AA1A-6690A373CE03}.Debug|Any CPU.Build.0 = Debug|Any CPU
		{48198C28-38A1-4BF2-AA1A-6690A373CE03}.Release|Any CPU.ActiveCfg = Release|Any CPU
		{48198C28-38A1-4BF2-AA1A-6690A373CE03}.Release|Any CPU.Build.0 = Release|Any CPU
	EndGlobalSection
	GlobalSection(SolutionProperties) = preSolution
		HideSolutionNode = FALSE
	EndGlobalSection
	GlobalSection(ExtensibilityGlobals) = postSolution
		SolutionGuid = {12211E1C-5493-4D89-897A-E1FB624A7B97}
	EndGlobalSection
EndGlobal
